
Microsoft Visual Studio Solution File, Format Version 12.00
# Visual Studio 2013
VisualStudioVersion = 12.0.30110.0
MinimumVisualStudioVersion = 10.0.40219.1
Project("{FAE04EC0-301F-11D3-BF4B-00C04F79EFBC}") = "SunshineAttack.Azure.Queue", "SunshineAttack.Azure.Queue\SunshineAttack.Azure.Queue.csproj", "{75636ECC-EB21-4E4F-AB2B-9FD5E6D9D7E3}"
EndProject
Project("{FAE04EC0-301F-11D3-BF4B-00C04F79EFBC}") = "SunshineAttack.Azure.Common", "SunshineAttack.Azure.Common\SunshineAttack.Azure.Common.csproj", "{DF261BC6-C3B2-4442-A598-BDA4C7F34DF5}"
EndProject
Project("{2150E333-8FDC-42A3-9474-1A3956D46DE8}") = ".nuget", ".nuget", "{9DB355EF-AA09-4065-9413-344B9B3FAA2E}"
	ProjectSection(SolutionItems) = preProject
		.nuget\NuGet.Config = .nuget\NuGet.Config
		.nuget\NuGet.exe = .nuget\NuGet.exe
		.nuget\NuGet.targets = .nuget\NuGet.targets
	EndProjectSection
EndProject
Global
	GlobalSection(SolutionConfigurationPlatforms) = preSolution
		Debug|Any CPU = Debug|Any CPU
		Release|Any CPU = Release|Any CPU
	EndGlobalSection
	GlobalSection(ProjectConfigurationPlatforms) = postSolution
		{75636ECC-EB21-4E4F-AB2B-9FD5E6D9D7E3}.Debug|Any CPU.ActiveCfg = Debug|Any CPU
		{75636ECC-EB21-4E4F-AB2B-9FD5E6D9D7E3}.Debug|Any CPU.Build.0 = Debug|Any CPU
		{75636ECC-EB21-4E4F-AB2B-9FD5E6D9D7E3}.Release|Any CPU.ActiveCfg = Release|Any CPU
		{75636ECC-EB21-4E4F-AB2B-9FD5E6D9D7E3}.Release|Any CPU.Build.0 = Release|Any CPU
		{DF261BC6-C3B2-4442-A598-BDA4C7F34DF5}.Debug|Any CPU.ActiveCfg = Debug|Any CPU
		{DF261BC6-C3B2-4442-A598-BDA4C7F34DF5}.Debug|Any CPU.Build.0 = Debug|Any CPU
		{DF261BC6-C3B2-4442-A598-BDA4C7F34DF5}.Release|Any CPU.ActiveCfg = Release|Any CPU
		{DF261BC6-C3B2-4442-A598-BDA4C7F34DF5}.Release|Any CPU.Build.0 = Release|Any CPU
	EndGlobalSection
	GlobalSection(SolutionProperties) = preSolution
		HideSolutionNode = FALSE
	EndGlobalSection
EndGlobal
